
Microsoft Visual Studio Solution File, Format Version 11.00
# Visual Studio 2010
Project("{8BC9CEB8-8B4A-11D0-8D11-00A0C91BC942}") = "Core", "Core\Core.vcxproj", "{E1C56D07-B4D0-4EB3-B0F7-DCA0B0F13AB4}"
EndProject
Project("{8BC9CEB8-8B4A-11D0-8D11-00A0C91BC942}") = "Rendering", "Rendering\Rendering.vcxproj", "{6F74D63B-8FAE-4CC1-8E81-C1008B72FA76}"
EndProject
Project("{8BC9CEB8-8B4A-11D0-8D11-00A0C91BC942}") = "Test", "Test\Test.vcxproj", "{5D5CA349-B4D0-4CAF-8982-FE586497FF12}"
EndProject
Project("{8BC9CEB8-8B4A-11D0-8D11-00A0C91BC942}") = "Input", "Input\Input.vcxproj", "{EED15947-2655-4C7A-AD5F-83F51AE8F6CE}"
EndProject
Project("{8BC9CEB8-8B4A-11D0-8D11-00A0C91BC942}") = "Scripting", "Scripting\Scripting.vcxproj", "{23B9D3DD-536D-4AFB-BACD-736612E095C5}"
EndProject
Project("{8BC9CEB8-8B4A-11D0-8D11-00A0C91BC942}") = "Content", "Content\Content.vcxproj", "{8F28BFAD-31EC-42D1-9D92-C2A2BCB5DB5F}"
EndProject
Project("{8BC9CEB8-8B4A-11D0-8D11-00A0C91BC942}") = "Audio", "Audio\Audio.vcxproj", "{D1AF3EE6-A733-4511-978F-EBB52E43CDC5}"
EndProject
Project("{8BC9CEB8-8B4A-11D0-8D11-00A0C91BC942}") = "RenderingDX", "RenderingDX\RenderingDX.vcxproj", "{C17F4C40-8EDF-47DE-8961-94D77E14C8F6}"
EndProject
Project("{8BC9CEB8-8B4A-11D0-8D11-00A0C91BC942}") = "RenderingOpenGL", "RenderingOpenGL\RenderingOpenGL.vcxproj", "{C4B54DE6-3D4C-41B6-9327-6F49FE6ECD70}"
EndProject
Project("{8BC9CEB8-8B4A-11D0-8D11-00A0C91BC942}") = "Physics", "Physics\Physics.vcxproj", "{0C2B608B-1858-4139-8D69-E9C8A165DA02}"
EndProject
Project("{8BC9CEB8-8B4A-11D0-8D11-00A0C91BC942}") = "Common", "Common\Common.vcxproj", "{9E421772-601C-488C-B988-16A9414A2C7D}"
EndProject
Project("{2150E333-8FDC-42A3-9474-1A3956D46DE8}") = "ZeroPoint", "ZeroPoint", "{5B07C6D2-E288-4FBD-BF65-F26C868C0ECA}"
EndProject
Project("{8BC9CEB8-8B4A-11D0-8D11-00A0C91BC942}") = "Blackjack", "Blackjack\Blackjack.vcxproj", "{27842789-9320-45A7-8BD6-1C55D728B4E3}"
EndProject
Project("{8BC9CEB8-8B4A-11D0-8D11-00A0C91BC942}") = "BisonCompiler", "BisonCompiler\BisonCompiler.vcxproj", "{441AEDEB-A6AC-42D5-8606-45A661DD59EA}"
EndProject
Project("{2150E333-8FDC-42A3-9474-1A3956D46DE8}") = "Tools", "Tools", "{3A6198CC-A92B-4EBD-8A1D-62C85AFE68B9}"
EndProject
Project("{8BC9CEB8-8B4A-11D0-8D11-00A0C91BC942}") = "ShaderCompiler", "ShaderCompiler\ShaderCompiler.vcxproj", "{F008E9C0-7B74-4C33-B549-90A9B50D3530}"
EndProject
Project("{8BC9CEB8-8B4A-11D0-8D11-00A0C91BC942}") = "MeshCompiler", "MeshCompiler\MeshCompiler.vcxproj", "{8DC4DA82-30A9-4677-96A4-3BEBBA4D77F2}"
EndProject
Project("{8BC9CEB8-8B4A-11D0-8D11-00A0C91BC942}") = "ObjectCompiler", "ObjectCompiler\ObjectCompiler.vcxproj", "{A293B9E0-2440-4B87-8FAC-4B838E1EAA5A}"
EndProject
Project("{8BC9CEB8-8B4A-11D0-8D11-00A0C91BC942}") = "AudioDS", "AudioDS\AudioDS.vcxproj", "{6CBC917A-2712-4B89-97AF-31AB27A149AE}"
EndProject
Project("{8BC9CEB8-8B4A-11D0-8D11-00A0C91BC942}") = "FontCompiler", "FontCompiler\FontCompiler.vcxproj", "{AD3A3BF0-AE1B-4704-AC6F-A8C4D98553F7}"
EndProject
Project("{8BC9CEB8-8B4A-11D0-8D11-00A0C91BC942}") = "ProtoDBCompiler", "ProtoDBCompiler\ProtoDBCompiler.vcxproj", "{D28BE47A-0CF8-460B-B1FC-70F49FAEE1D9}"
EndProject
Global
	GlobalSection(SubversionScc) = preSolution
		Svn-Managed = True
		Manager = AnkhSVN - Subversion Support for Visual Studio
	EndGlobalSection
	GlobalSection(SolutionConfigurationPlatforms) = preSolution
		Debug_Tools|Win32 = Debug_Tools|Win32
		Debug_Tools|x64 = Debug_Tools|x64
		Debug|Win32 = Debug|Win32
		Debug|x64 = Debug|x64
		Release_Tools|Win32 = Release_Tools|Win32
		Release_Tools|x64 = Release_Tools|x64
		Release|Win32 = Release|Win32
		Release|x64 = Release|x64
	EndGlobalSection
	GlobalSection(ProjectConfigurationPlatforms) = postSolution
		{E1C56D07-B4D0-4EB3-B0F7-DCA0B0F13AB4}.Debug_Tools|Win32.ActiveCfg = Debug|Win32
		{E1C56D07-B4D0-4EB3-B0F7-DCA0B0F13AB4}.Debug_Tools|Win32.Build.0 = Debug|Win32
		{E1C56D07-B4D0-4EB3-B0F7-DCA0B0F13AB4}.Debug_Tools|x64.ActiveCfg = Debug|x64
		{E1C56D07-B4D0-4EB3-B0F7-DCA0B0F13AB4}.Debug_Tools|x64.Build.0 = Debug|x64
		{E1C56D07-B4D0-4EB3-B0F7-DCA0B0F13AB4}.Debug|Win32.ActiveCfg = Debug|Win32
		{E1C56D07-B4D0-4EB3-B0F7-DCA0B0F13AB4}.Debug|Win32.Build.0 = Debug|Win32
		{E1C56D07-B4D0-4EB3-B0F7-DCA0B0F13AB4}.Debug|x64.ActiveCfg = Debug|x64
		{E1C56D07-B4D0-4EB3-B0F7-DCA0B0F13AB4}.Debug|x64.Build.0 = Debug|x64
		{E1C56D07-B4D0-4EB3-B0F7-DCA0B0F13AB4}.Release_Tools|Win32.ActiveCfg = Release|Win32
		{E1C56D07-B4D0-4EB3-B0F7-DCA0B0F13AB4}.Release_Tools|Win32.Build.0 = Release|Win32
		{E1C56D07-B4D0-4EB3-B0F7-DCA0B0F13AB4}.Release_Tools|x64.ActiveCfg = Release|x64
		{E1C56D07-B4D0-4EB3-B0F7-DCA0B0F13AB4}.Release_Tools|x64.Build.0 = Release|x64
		{E1C56D07-B4D0-4EB3-B0F7-DCA0B0F13AB4}.Release|Win32.ActiveCfg = Release|Win32
		{E1C56D07-B4D0-4EB3-B0F7-DCA0B0F13AB4}.Release|Win32.Build.0 = Release|Win32
		{E1C56D07-B4D0-4EB3-B0F7-DCA0B0F13AB4}.Release|x64.ActiveCfg = Release|x64
		{E1C56D07-B4D0-4EB3-B0F7-DCA0B0F13AB4}.Release|x64.Build.0 = Release|x64
		{6F74D63B-8FAE-4CC1-8E81-C1008B72FA76}.Debug_Tools|Win32.ActiveCfg = Debug|Win32
		{6F74D63B-8FAE-4CC1-8E81-C1008B72FA76}.Debug_Tools|x64.ActiveCfg = Debug|Win32
		{6F74D63B-8FAE-4CC1-8E81-C1008B72FA76}.Debug|Win32.ActiveCfg = Debug|Win32
		{6F74D63B-8FAE-4CC1-8E81-C1008B72FA76}.Debug|Win32.Build.0 = Debug|Win32
		{6F74D63B-8FAE-4CC1-8E81-C1008B72FA76}.Debug|x64.ActiveCfg = Debug|Win32
		{6F74D63B-8FAE-4CC1-8E81-C1008B72FA76}.Release_Tools|Win32.ActiveCfg = Release|Win32
		{6F74D63B-8FAE-4CC1-8E81-C1008B72FA76}.Release_Tools|x64.ActiveCfg = Release|Win32
		{6F74D63B-8FAE-4CC1-8E81-C1008B72FA76}.Release|Win32.ActiveCfg = Release|Win32
		{6F74D63B-8FAE-4CC1-8E81-C1008B72FA76}.Release|Win32.Build.0 = Release|Win32
		{6F74D63B-8FAE-4CC1-8E81-C1008B72FA76}.Release|x64.ActiveCfg = Release|Win32
		{5D5CA349-B4D0-4CAF-8982-FE586497FF12}.Debug_Tools|Win32.ActiveCfg = Debug|Win32
		{5D5CA349-B4D0-4CAF-8982-FE586497FF12}.Debug_Tools|x64.ActiveCfg = Debug|Win32
		{5D5CA349-B4D0-4CAF-8982-FE586497FF12}.Debug|Win32.ActiveCfg = Debug|Win32
		{5D5CA349-B4D0-4CAF-8982-FE586497FF12}.Debug|Win32.Build.0 = Debug|Win32
		{5D5CA349-B4D0-4CAF-8982-FE586497FF12}.Debug|x64.ActiveCfg = Debug|Win32
		{5D5CA349-B4D0-4CAF-8982-FE586497FF12}.Release_Tools|Win32.ActiveCfg = Release|Win32
		{5D5CA349-B4D0-4CAF-8982-FE586497FF12}.Release_Tools|Win32.Build.0 = Release|Win32
		{5D5CA349-B4D0-4CAF-8982-FE586497FF12}.Release_Tools|x64.ActiveCfg = Release|Win32
		{5D5CA349-B4D0-4CAF-8982-FE586497FF12}.Release|Win32.ActiveCfg = Release|Win32
		{5D5CA349-B4D0-4CAF-8982-FE586497FF12}.Release|Win32.Build.0 = Release|Win32
		{5D5CA349-B4D0-4CAF-8982-FE586497FF12}.Release|x64.ActiveCfg = Release|Win32
		{EED15947-2655-4C7A-AD5F-83F51AE8F6CE}.Debug_Tools|Win32.ActiveCfg = Debug|Win32
		{EED15947-2655-4C7A-AD5F-83F51AE8F6CE}.Debug_Tools|x64.ActiveCfg = Debug|Win32
		{EED15947-2655-4C7A-AD5F-83F51AE8F6CE}.Debug|Win32.ActiveCfg = Debug|Win32
		{EED15947-2655-4C7A-AD5F-83F51AE8F6CE}.Debug|Win32.Build.0 = Debug|Win32
		{EED15947-2655-4C7A-AD5F-83F51AE8F6CE}.Debug|x64.ActiveCfg = Debug|Win32
		{EED15947-2655-4C7A-AD5F-83F51AE8F6CE}.Release_Tools|Win32.ActiveCfg = Release|Win32
		{EED15947-2655-4C7A-AD5F-83F51AE8F6CE}.Release_Tools|x64.ActiveCfg = Release|Win32
		{EED15947-2655-4C7A-AD5F-83F51AE8F6CE}.Release|Win32.ActiveCfg = Release|Win32
		{EED15947-2655-4C7A-AD5F-83F51AE8F6CE}.Release|Win32.Build.0 = Release|Win32
		{EED15947-2655-4C7A-AD5F-83F51AE8F6CE}.Release|x64.ActiveCfg = Release|Win32
		{23B9D3DD-536D-4AFB-BACD-736612E095C5}.Debug_Tools|Win32.ActiveCfg = Debug|Win32
		{23B9D3DD-536D-4AFB-BACD-736612E095C5}.Debug_Tools|x64.ActiveCfg = Debug|Win32
		{23B9D3DD-536D-4AFB-BACD-736612E095C5}.Debug|Win32.ActiveCfg = Debug|Win32
		{23B9D3DD-536D-4AFB-BACD-736612E095C5}.Debug|Win32.Build.0 = Debug|Win32
		{23B9D3DD-536D-4AFB-BACD-736612E095C5}.Debug|x64.ActiveCfg = Debug|Win32
		{23B9D3DD-536D-4AFB-BACD-736612E095C5}.Release_Tools|Win32.ActiveCfg = Release|Win32
		{23B9D3DD-536D-4AFB-BACD-736612E095C5}.Release_Tools|x64.ActiveCfg = Release|Win32
		{23B9D3DD-536D-4AFB-BACD-736612E095C5}.Release|Win32.ActiveCfg = Release|Win32
		{23B9D3DD-536D-4AFB-BACD-736612E095C5}.Release|Win32.Build.0 = Release|Win32
		{23B9D3DD-536D-4AFB-BACD-736612E095C5}.Release|x64.ActiveCfg = Release|Win32
		{8F28BFAD-31EC-42D1-9D92-C2A2BCB5DB5F}.Debug_Tools|Win32.ActiveCfg = Debug|Win32
		{8F28BFAD-31EC-42D1-9D92-C2A2BCB5DB5F}.Debug_Tools|x64.ActiveCfg = Debug|Win32
		{8F28BFAD-31EC-42D1-9D92-C2A2BCB5DB5F}.Debug|Win32.ActiveCfg = Debug|Win32
		{8F28BFAD-31EC-42D1-9D92-C2A2BCB5DB5F}.Debug|Win32.Build.0 = Debug|Win32
		{8F28BFAD-31EC-42D1-9D92-C2A2BCB5DB5F}.Debug|x64.ActiveCfg = Debug|Win32
		{8F28BFAD-31EC-42D1-9D92-C2A2BCB5DB5F}.Release_Tools|Win32.ActiveCfg = Release|Win32
		{8F28BFAD-31EC-42D1-9D92-C2A2BCB5DB5F}.Release_Tools|x64.ActiveCfg = Release|Win32
		{8F28BFAD-31EC-42D1-9D92-C2A2BCB5DB5F}.Release|Win32.ActiveCfg = Release|Win32
		{8F28BFAD-31EC-42D1-9D92-C2A2BCB5DB5F}.Release|Win32.Build.0 = Release|Win32
		{8F28BFAD-31EC-42D1-9D92-C2A2BCB5DB5F}.Release|x64.ActiveCfg = Release|Win32
		{D1AF3EE6-A733-4511-978F-EBB52E43CDC5}.Debug_Tools|Win32.ActiveCfg = Debug|Win32
		{D1AF3EE6-A733-4511-978F-EBB52E43CDC5}.Debug_Tools|x64.ActiveCfg = Debug|Win32
		{D1AF3EE6-A733-4511-978F-EBB52E43CDC5}.Debug|Win32.ActiveCfg = Debug|Win32
		{D1AF3EE6-A733-4511-978F-EBB52E43CDC5}.Debug|Win32.Build.0 = Debug|Win32
		{D1AF3EE6-A733-4511-978F-EBB52E43CDC5}.Debug|x64.ActiveCfg = Debug|Win32
		{D1AF3EE6-A733-4511-978F-EBB52E43CDC5}.Release_Tools|Win32.ActiveCfg = Release|Win32
		{D1AF3EE6-A733-4511-978F-EBB52E43CDC5}.Release_Tools|x64.ActiveCfg = Release|Win32
		{D1AF3EE6-A733-4511-978F-EBB52E43CDC5}.Release|Win32.ActiveCfg = Release|Win32
		{D1AF3EE6-A733-4511-978F-EBB52E43CDC5}.Release|Win32.Build.0 = Release|Win32
		{D1AF3EE6-A733-4511-978F-EBB52E43CDC5}.Release|x64.ActiveCfg = Release|Win32
		{C17F4C40-8EDF-47DE-8961-94D77E14C8F6}.Debug_Tools|Win32.ActiveCfg = Debug|Win32
		{C17F4C40-8EDF-47DE-8961-94D77E14C8F6}.Debug_Tools|x64.ActiveCfg = Debug|Win32
		{C17F4C40-8EDF-47DE-8961-94D77E14C8F6}.Debug|Win32.ActiveCfg = Debug|Win32
		{C17F4C40-8EDF-47DE-8961-94D77E14C8F6}.Debug|Win32.Build.0 = Debug|Win32
		{C17F4C40-8EDF-47DE-8961-94D77E14C8F6}.Debug|x64.ActiveCfg = Debug|Win32
		{C17F4C40-8EDF-47DE-8961-94D77E14C8F6}.Release_Tools|Win32.ActiveCfg = Release|Win32
		{C17F4C40-8EDF-47DE-8961-94D77E14C8F6}.Release_Tools|x64.ActiveCfg = Release|Win32
		{C17F4C40-8EDF-47DE-8961-94D77E14C8F6}.Release|Win32.ActiveCfg = Release|Win32
		{C17F4C40-8EDF-47DE-8961-94D77E14C8F6}.Release|Win32.Build.0 = Release|Win32
		{C17F4C40-8EDF-47DE-8961-94D77E14C8F6}.Release|x64.ActiveCfg = Release|Win32
		{C4B54DE6-3D4C-41B6-9327-6F49FE6ECD70}.Debug_Tools|Win32.ActiveCfg = Debug|Win32
		{C4B54DE6-3D4C-41B6-9327-6F49FE6ECD70}.Debug_Tools|x64.ActiveCfg = Debug|Win32
		{C4B54DE6-3D4C-41B6-9327-6F49FE6ECD70}.Debug|Win32.ActiveCfg = Debug|Win32
		{C4B54DE6-3D4C-41B6-9327-6F49FE6ECD70}.Debug|Win32.Build.0 = Debug|Win32
		{C4B54DE6-3D4C-41B6-9327-6F49FE6ECD70}.Debug|x64.ActiveCfg = Debug|Win32
		{C4B54DE6-3D4C-41B6-9327-6F49FE6ECD70}.Release_Tools|Win32.ActiveCfg = Release|Win32
		{C4B54DE6-3D4C-41B6-9327-6F49FE6ECD70}.Release_Tools|Win32.Build.0 = Release|Win32
		{C4B54DE6-3D4C-41B6-9327-6F49FE6ECD70}.Release_Tools|x64.ActiveCfg = Release|Win32
		{C4B54DE6-3D4C-41B6-9327-6F49FE6ECD70}.Release|Win32.ActiveCfg = Release|Win32
		{C4B54DE6-3D4C-41B6-9327-6F49FE6ECD70}.Release|Win32.Build.0 = Release|Win32
		{C4B54DE6-3D4C-41B6-9327-6F49FE6ECD70}.Release|x64.ActiveCfg = Release|Win32
		{0C2B608B-1858-4139-8D69-E9C8A165DA02}.Debug_Tools|Win32.ActiveCfg = Debug|Win32
		{0C2B608B-1858-4139-8D69-E9C8A165DA02}.Debug_Tools|x64.ActiveCfg = Debug|Win32
		{0C2B608B-1858-4139-8D69-E9C8A165DA02}.Debug|Win32.ActiveCfg = Debug|Win32
		{0C2B608B-1858-4139-8D69-E9C8A165DA02}.Debug|Win32.Build.0 = Debug|Win32
		{0C2B608B-1858-4139-8D69-E9C8A165DA02}.Debug|x64.ActiveCfg = Debug|Win32
		{0C2B608B-1858-4139-8D69-E9C8A165DA02}.Release_Tools|Win32.ActiveCfg = Release|Win32
		{0C2B608B-1858-4139-8D69-E9C8A165DA02}.Release_Tools|x64.ActiveCfg = Release|Win32
		{0C2B608B-1858-4139-8D69-E9C8A165DA02}.Release|Win32.ActiveCfg = Release|Win32
		{0C2B608B-1858-4139-8D69-E9C8A165DA02}.Release|Win32.Build.0 = Release|Win32
		{0C2B608B-1858-4139-8D69-E9C8A165DA02}.Release|x64.ActiveCfg = Release|Win32
		{9E421772-601C-488C-B988-16A9414A2C7D}.Debug_Tools|Win32.ActiveCfg = Debug|Win32
		{9E421772-601C-488C-B988-16A9414A2C7D}.Debug_Tools|x64.ActiveCfg = Debug|Win32
		{9E421772-601C-488C-B988-16A9414A2C7D}.Debug|Win32.ActiveCfg = Debug|Win32
		{9E421772-601C-488C-B988-16A9414A2C7D}.Debug|Win32.Build.0 = Debug|Win32
		{9E421772-601C-488C-B988-16A9414A2C7D}.Debug|x64.ActiveCfg = Debug|Win32
		{9E421772-601C-488C-B988-16A9414A2C7D}.Release_Tools|Win32.ActiveCfg = Release|Win32
		{9E421772-601C-488C-B988-16A9414A2C7D}.Release_Tools|x64.ActiveCfg = Release|Win32
		{9E421772-601C-488C-B988-16A9414A2C7D}.Release|Win32.ActiveCfg = Release|Win32
		{9E421772-601C-488C-B988-16A9414A2C7D}.Release|Win32.Build.0 = Release|Win32
		{9E421772-601C-488C-B988-16A9414A2C7D}.Release|x64.ActiveCfg = Release|Win32
		{27842789-9320-45A7-8BD6-1C55D728B4E3}.Debug_Tools|Win32.ActiveCfg = Debug|Win32
		{27842789-9320-45A7-8BD6-1C55D728B4E3}.Debug_Tools|x64.ActiveCfg = Debug|Win32
		{27842789-9320-45A7-8BD6-1C55D728B4E3}.Debug|Win32.ActiveCfg = Debug|Win32
		{27842789-9320-45A7-8BD6-1C55D728B4E3}.Debug|Win32.Build.0 = Debug|Win32
		{27842789-9320-45A7-8BD6-1C55D728B4E3}.Debug|x64.ActiveCfg = Debug|Win32
		{27842789-9320-45A7-8BD6-1C55D728B4E3}.Release_Tools|Win32.ActiveCfg = Release|Win32
		{27842789-9320-45A7-8BD6-1C55D728B4E3}.Release_Tools|x64.ActiveCfg = Release|Win32
		{27842789-9320-45A7-8BD6-1C55D728B4E3}.Release|Win32.ActiveCfg = Release|Win32
		{27842789-9320-45A7-8BD6-1C55D728B4E3}.Release|Win32.Build.0 = Release|Win32
		{27842789-9320-45A7-8BD6-1C55D728B4E3}.Release|x64.ActiveCfg = Release|Win32
		{441AEDEB-A6AC-42D5-8606-45A661DD59EA}.Debug_Tools|Win32.ActiveCfg = Debug|Win32
		{441AEDEB-A6AC-42D5-8606-45A661DD59EA}.Debug_Tools|Win32.Build.0 = Debug|Win32
		{441AEDEB-A6AC-42D5-8606-45A661DD59EA}.Debug_Tools|x64.ActiveCfg = Debug|Win32
		{441AEDEB-A6AC-42D5-8606-45A661DD59EA}.Debug|Win32.ActiveCfg = Debug|Win32
		{441AEDEB-A6AC-42D5-8606-45A661DD59EA}.Debug|x64.ActiveCfg = Debug|Win32
		{441AEDEB-A6AC-42D5-8606-45A661DD59EA}.Release_Tools|Win32.ActiveCfg = Release|Win32
		{441AEDEB-A6AC-42D5-8606-45A661DD59EA}.Release_Tools|Win32.Build.0 = Release|Win32
		{441AEDEB-A6AC-42D5-8606-45A661DD59EA}.Release_Tools|x64.ActiveCfg = Release|Win32
		{441AEDEB-A6AC-42D5-8606-45A661DD59EA}.Release|Win32.ActiveCfg = Release|Win32
		{441AEDEB-A6AC-42D5-8606-45A661DD59EA}.Release|x64.ActiveCfg = Release|Win32
		{F008E9C0-7B74-4C33-B549-90A9B50D3530}.Debug_Tools|Win32.ActiveCfg = Debug|Win32
		{F008E9C0-7B74-4C33-B549-90A9B50D3530}.Debug_Tools|Win32.Build.0 = Debug|Win32
		{F008E9C0-7B74-4C33-B549-90A9B50D3530}.Debug_Tools|x64.ActiveCfg = Debug|Win32
		{F008E9C0-7B74-4C33-B549-90A9B50D3530}.Debug|Win32.ActiveCfg = Debug|Win32
		{F008E9C0-7B74-4C33-B549-90A9B50D3530}.Debug|x64.ActiveCfg = Debug|Win32
		{F008E9C0-7B74-4C33-B549-90A9B50D3530}.Release_Tools|Win32.ActiveCfg = Release|Win32
		{F008E9C0-7B74-4C33-B549-90A9B50D3530}.Release_Tools|Win32.Build.0 = Release|Win32
		{F008E9C0-7B74-4C33-B549-90A9B50D3530}.Release_Tools|x64.ActiveCfg = Release|Win32
		{F008E9C0-7B74-4C33-B549-90A9B50D3530}.Release|Win32.ActiveCfg = Release|Win32
		{F008E9C0-7B74-4C33-B549-90A9B50D3530}.Release|x64.ActiveCfg = Release|Win32
		{8DC4DA82-30A9-4677-96A4-3BEBBA4D77F2}.Debug_Tools|Win32.ActiveCfg = Debug|Win32
		{8DC4DA82-30A9-4677-96A4-3BEBBA4D77F2}.Debug_Tools|Win32.Build.0 = Debug|Win32
		{8DC4DA82-30A9-4677-96A4-3BEBBA4D77F2}.Debug_Tools|x64.ActiveCfg = Debug|Win32
		{8DC4DA82-30A9-4677-96A4-3BEBBA4D77F2}.Debug|Win32.ActiveCfg = Debug|Win32
		{8DC4DA82-30A9-4677-96A4-3BEBBA4D77F2}.Debug|x64.ActiveCfg = Debug|Win32
		{8DC4DA82-30A9-4677-96A4-3BEBBA4D77F2}.Release_Tools|Win32.ActiveCfg = Release|Win32
		{8DC4DA82-30A9-4677-96A4-3BEBBA4D77F2}.Release_Tools|Win32.Build.0 = Release|Win32
		{8DC4DA82-30A9-4677-96A4-3BEBBA4D77F2}.Release_Tools|x64.ActiveCfg = Release|Win32
		{8DC4DA82-30A9-4677-96A4-3BEBBA4D77F2}.Release|Win32.ActiveCfg = Release|Win32
		{8DC4DA82-30A9-4677-96A4-3BEBBA4D77F2}.Release|x64.ActiveCfg = Release|Win32
		{A293B9E0-2440-4B87-8FAC-4B838E1EAA5A}.Debug_Tools|Win32.ActiveCfg = Debug|Win32
		{A293B9E0-2440-4B87-8FAC-4B838E1EAA5A}.Debug_Tools|Win32.Build.0 = Debug|Win32
		{A293B9E0-2440-4B87-8FAC-4B838E1EAA5A}.Debug_Tools|x64.ActiveCfg = Debug|Win32
		{A293B9E0-2440-4B87-8FAC-4B838E1EAA5A}.Debug|Win32.ActiveCfg = Debug|Win32
		{A293B9E0-2440-4B87-8FAC-4B838E1EAA5A}.Debug|x64.ActiveCfg = Debug|Win32
		{A293B9E0-2440-4B87-8FAC-4B838E1EAA5A}.Release_Tools|Win32.ActiveCfg = Release|Win32
		{A293B9E0-2440-4B87-8FAC-4B838E1EAA5A}.Release_Tools|Win32.Build.0 = Release|Win32
		{A293B9E0-2440-4B87-8FAC-4B838E1EAA5A}.Release_Tools|x64.ActiveCfg = Release|Win32
		{A293B9E0-2440-4B87-8FAC-4B838E1EAA5A}.Release|Win32.ActiveCfg = Release|Win32
		{A293B9E0-2440-4B87-8FAC-4B838E1EAA5A}.Release|x64.ActiveCfg = Release|Win32
		{6CBC917A-2712-4B89-97AF-31AB27A149AE}.Debug_Tools|Win32.ActiveCfg = Debug|Win32
		{6CBC917A-2712-4B89-97AF-31AB27A149AE}.Debug_Tools|x64.ActiveCfg = Debug|Win32
		{6CBC917A-2712-4B89-97AF-31AB27A149AE}.Debug|Win32.ActiveCfg = Debug|Win32
		{6CBC917A-2712-4B89-97AF-31AB27A149AE}.Debug|Win32.Build.0 = Debug|Win32
		{6CBC917A-2712-4B89-97AF-31AB27A149AE}.Debug|x64.ActiveCfg = Debug|Win32
		{6CBC917A-2712-4B89-97AF-31AB27A149AE}.Release_Tools|Win32.ActiveCfg = Release|Win32
		{6CBC917A-2712-4B89-97AF-31AB27A149AE}.Release_Tools|x64.ActiveCfg = Release|Win32
		{6CBC917A-2712-4B89-97AF-31AB27A149AE}.Release|Win32.ActiveCfg = Release|Win32
		{6CBC917A-2712-4B89-97AF-31AB27A149AE}.Release|Win32.Build.0 = Release|Win32
		{6CBC917A-2712-4B89-97AF-31AB27A149AE}.Release|x64.ActiveCfg = Release|Win32
		{AD3A3BF0-AE1B-4704-AC6F-A8C4D98553F7}.Debug_Tools|Win32.ActiveCfg = Debug|Win32
		{AD3A3BF0-AE1B-4704-AC6F-A8C4D98553F7}.Debug_Tools|Win32.Build.0 = Debug|Win32
		{AD3A3BF0-AE1B-4704-AC6F-A8C4D98553F7}.Debug_Tools|x64.ActiveCfg = Debug|Win32
		{AD3A3BF0-AE1B-4704-AC6F-A8C4D98553F7}.Debug|Win32.ActiveCfg = Debug|Win32
		{AD3A3BF0-AE1B-4704-AC6F-A8C4D98553F7}.Debug|x64.ActiveCfg = Debug|Win32
		{AD3A3BF0-AE1B-4704-AC6F-A8C4D98553F7}.Release_Tools|Win32.ActiveCfg = Release|Win32
		{AD3A3BF0-AE1B-4704-AC6F-A8C4D98553F7}.Release_Tools|Win32.Build.0 = Release|Win32
		{AD3A3BF0-AE1B-4704-AC6F-A8C4D98553F7}.Release_Tools|x64.ActiveCfg = Release|Win32
		{AD3A3BF0-AE1B-4704-AC6F-A8C4D98553F7}.Release|Win32.ActiveCfg = Release|Win32
		{AD3A3BF0-AE1B-4704-AC6F-A8C4D98553F7}.Release|x64.ActiveCfg = Release|Win32
		{D28BE47A-0CF8-460B-B1FC-70F49FAEE1D9}.Debug_Tools|Win32.ActiveCfg = Debug|Win32
		{D28BE47A-0CF8-460B-B1FC-70F49FAEE1D9}.Debug_Tools|Win32.Build.0 = Debug|Win32
		{D28BE47A-0CF8-460B-B1FC-70F49FAEE1D9}.Debug_Tools|x64.ActiveCfg = Debug|Win32
		{D28BE47A-0CF8-460B-B1FC-70F49FAEE1D9}.Debug|Win32.ActiveCfg = Debug|Win32
		{D28BE47A-0CF8-460B-B1FC-70F49FAEE1D9}.Debug|x64.ActiveCfg = Debug|Win32
		{D28BE47A-0CF8-460B-B1FC-70F49FAEE1D9}.Release_Tools|Win32.ActiveCfg = Release|Win32
		{D28BE47A-0CF8-460B-B1FC-70F49FAEE1D9}.Release_Tools|Win32.Build.0 = Release|Win32
		{D28BE47A-0CF8-460B-B1FC-70F49FAEE1D9}.Release_Tools|x64.ActiveCfg = Release|Win32
		{D28BE47A-0CF8-460B-B1FC-70F49FAEE1D9}.Release|Win32.ActiveCfg = Release|Win32
		{D28BE47A-0CF8-460B-B1FC-70F49FAEE1D9}.Release|x64.ActiveCfg = Release|Win32
	EndGlobalSection
	GlobalSection(SolutionProperties) = preSolution
		HideSolutionNode = FALSE
	EndGlobalSection
	GlobalSection(NestedProjects) = preSolution
		{6F74D63B-8FAE-4CC1-8E81-C1008B72FA76} = {5B07C6D2-E288-4FBD-BF65-F26C868C0ECA}
		{5D5CA349-B4D0-4CAF-8982-FE586497FF12} = {5B07C6D2-E288-4FBD-BF65-F26C868C0ECA}
		{EED15947-2655-4C7A-AD5F-83F51AE8F6CE} = {5B07C6D2-E288-4FBD-BF65-F26C868C0ECA}
		{23B9D3DD-536D-4AFB-BACD-736612E095C5} = {5B07C6D2-E288-4FBD-BF65-F26C868C0ECA}
		{8F28BFAD-31EC-42D1-9D92-C2A2BCB5DB5F} = {5B07C6D2-E288-4FBD-BF65-F26C868C0ECA}
		{D1AF3EE6-A733-4511-978F-EBB52E43CDC5} = {5B07C6D2-E288-4FBD-BF65-F26C868C0ECA}
		{C17F4C40-8EDF-47DE-8961-94D77E14C8F6} = {5B07C6D2-E288-4FBD-BF65-F26C868C0ECA}
		{C4B54DE6-3D4C-41B6-9327-6F49FE6ECD70} = {5B07C6D2-E288-4FBD-BF65-F26C868C0ECA}
		{0C2B608B-1858-4139-8D69-E9C8A165DA02} = {5B07C6D2-E288-4FBD-BF65-F26C868C0ECA}
		{9E421772-601C-488C-B988-16A9414A2C7D} = {5B07C6D2-E288-4FBD-BF65-F26C868C0ECA}
		{E1C56D07-B4D0-4EB3-B0F7-DCA0B0F13AB4} = {5B07C6D2-E288-4FBD-BF65-F26C868C0ECA}
		{6CBC917A-2712-4B89-97AF-31AB27A149AE} = {5B07C6D2-E288-4FBD-BF65-F26C868C0ECA}
		{441AEDEB-A6AC-42D5-8606-45A661DD59EA} = {3A6198CC-A92B-4EBD-8A1D-62C85AFE68B9}
		{F008E9C0-7B74-4C33-B549-90A9B50D3530} = {3A6198CC-A92B-4EBD-8A1D-62C85AFE68B9}
		{8DC4DA82-30A9-4677-96A4-3BEBBA4D77F2} = {3A6198CC-A92B-4EBD-8A1D-62C85AFE68B9}
		{A293B9E0-2440-4B87-8FAC-4B838E1EAA5A} = {3A6198CC-A92B-4EBD-8A1D-62C85AFE68B9}
		{AD3A3BF0-AE1B-4704-AC6F-A8C4D98553F7} = {3A6198CC-A92B-4EBD-8A1D-62C85AFE68B9}
		{D28BE47A-0CF8-460B-B1FC-70F49FAEE1D9} = {3A6198CC-A92B-4EBD-8A1D-62C85AFE68B9}
	EndGlobalSection
EndGlobal
