<?xml version="1.0" encoding="utf-8"?>
<Project ToolsVersion="4.0" xmlns="http://schemas.microsoft.com/developer/msbuild/2003">
  <ItemGroup>
    <Filter Include="Source Files">
      <UniqueIdentifier>{4FC737F1-C7A5-4376-A066-2A32D752A2FF}</UniqueIdentifier>
      <Extensions>cpp;c;cc;cxx;def;odl;idl;hpj;bat;asm;asmx</Extensions>
    </Filter>
    <Filter Include="Header Files">
      <UniqueIdentifier>{93995380-89BD-4b04-88EB-625FBE52EBFB}</UniqueIdentifier>
      <Extensions>h;hpp;hxx;hm;inl;inc;xsd</Extensions>
    </Filter>
    <Filter Include="Resource Files">
      <UniqueIdentifier>{67DA6AB6-F800-4c08-8B7A-83BB121AAD01}</UniqueIdentifier>
      <Extensions>rc;ico;cur;bmp;dlg;rc2;rct;bin;rgs;gif;jpg;jpeg;jpe;resx;tiff;tif;png;wav;mfcribbon-ms</Extensions>
    </Filter>
    <Filter Include="Header Files\DirectX 11">
      <UniqueIdentifier>{e0ac6e35-2971-4141-bff5-817220006a8d}</UniqueIdentifier>
    </Filter>
    <Filter Include="Source Files\DirectX 11">
      <UniqueIdentifier>{584ed23e-4404-41a2-8af1-763506f366fb}</UniqueIdentifier>
    </Filter>
  </ItemGroup>
  <ItemGroup>
    <ClInclude Include="zpRendering.h">
      <Filter>Header Files</Filter>
    </ClInclude>
    <ClInclude Include="zpRenderingEngine.h">
      <Filter>Header Files</Filter>
    </ClInclude>
    <ClInclude Include="zpBuffer.h">
      <Filter>Header Files</Filter>
    </ClInclude>
    <ClInclude Include="zpDX11RenderingEngine.h">
      <Filter>Header Files\DirectX 11</Filter>
    </ClInclude>
    <ClInclude Include="zpRenderingFactory.h">
      <Filter>Header Files</Filter>
    </ClInclude>
    <ClInclude Include="zpRenderingManager.h">
      <Filter>Header Files</Filter>
    </ClInclude>
    <ClInclude Include="zpCamera.h">
      <Filter>Header Files</Filter>
    </ClInclude>
    <ClInclude Include="zpRenderingContext.h">
      <Filter>Header Files</Filter>
    </ClInclude>
    <ClInclude Include="zpDX11RenderingContext.h">
      <Filter>Header Files\DirectX 11</Filter>
    </ClInclude>
    <ClInclude Include="zpDX11Buffer.h">
      <Filter>Header Files\DirectX 11</Filter>
    </ClInclude>
    <ClInclude Include="zpDX11.h">
      <Filter>Header Files\DirectX 11</Filter>
    </ClInclude>
  </ItemGroup>
  <ItemGroup>
    <ClCompile Include="zpRendering.cpp">
      <Filter>Source Files</Filter>
    </ClCompile>
    <ClCompile Include="zpDX11RenderingEngine.cpp">
      <Filter>Source Files\DirectX 11</Filter>
    </ClCompile>
    <ClCompile Include="zpRenderingFactory.cpp">
      <Filter>Source Files</Filter>
    </ClCompile>
    <ClCompile Include="zpRenderingManager.cpp">
      <Filter>Source Files</Filter>
    </ClCompile>
    <ClCompile Include="zpDX11RenderingContext.cpp">
      <Filter>Source Files\DirectX 11</Filter>
    </ClCompile>
    <ClCompile Include="zpDX11Buffer.cpp">
      <Filter>Source Files\DirectX 11</Filter>
    </ClCompile>
  </ItemGroup>
</Project>