<?xml version="1.0" encoding="utf-8"?>
<Project ToolsVersion="4.0" xmlns="http://schemas.microsoft.com/developer/msbuild/2003">
  <ItemGroup>
    <Filter Include="Source Files">
      <UniqueIdentifier>{4FC737F1-C7A5-4376-A066-2A32D752A2FF}</UniqueIdentifier>
      <Extensions>cpp;c;cc;cxx;def;odl;idl;hpj;bat;asm;asmx</Extensions>
    </Filter>
    <Filter Include="Header Files">
      <UniqueIdentifier>{93995380-89BD-4b04-88EB-625FBE52EBFB}</UniqueIdentifier>
      <Extensions>h;hpp;hxx;hm;inl;inc;xsd</Extensions>
    </Filter>
    <Filter Include="Resource Files">
      <UniqueIdentifier>{67DA6AB6-F800-4c08-8B7A-83BB121AAD01}</UniqueIdentifier>
      <Extensions>rc;ico;cur;bmp;dlg;rc2;rct;bin;rgs;gif;jpg;jpeg;jpe;resx;tiff;tif;png;wav;mfcribbon-ms</Extensions>
    </Filter>
  </ItemGroup>
  <ItemGroup>
    <ClInclude Include="zpRendering.h">
      <Filter>Header Files</Filter>
    </ClInclude>
    <ClInclude Include="zpRenderingEngine.h">
      <Filter>Header Files</Filter>
    </ClInclude>
    <ClInclude Include="zpBuffer.h">
      <Filter>Header Files</Filter>
    </ClInclude>
    <ClInclude Include="zpRenderingFactory.h">
      <Filter>Header Files</Filter>
    </ClInclude>
    <ClInclude Include="zpRenderingManager.h">
      <Filter>Header Files</Filter>
    </ClInclude>
    <ClInclude Include="zpCamera.h">
      <Filter>Header Files</Filter>
    </ClInclude>
    <ClInclude Include="zpRenderingContext.h">
      <Filter>Header Files</Filter>
    </ClInclude>
    <ClInclude Include="zpRenderingResourceCreator.h">
      <Filter>Header Files</Filter>
    </ClInclude>
    <ClInclude Include="zpTextureResource.h">
      <Filter>Header Files</Filter>
    </ClInclude>
    <ClInclude Include="zpShaderResource.h">
      <Filter>Header Files</Filter>
    </ClInclude>
    <ClInclude Include="zpDepthStencilBuffer.h">
      <Filter>Header Files</Filter>
    </ClInclude>
    <ClInclude Include="zpVertexLayout.h">
      <Filter>Header Files</Filter>
    </ClInclude>
    <ClInclude Include="zpVertex.h">
      <Filter>Header Files</Filter>
    </ClInclude>
    <ClInclude Include="zpViewport.h">
      <Filter>Header Files</Filter>
    </ClInclude>
    <ClInclude Include="zpTexture.h">
      <Filter>Header Files</Filter>
    </ClInclude>
    <ClInclude Include="zpStaticMeshResource.h">
      <Filter>Header Files</Filter>
    </ClInclude>
    <ClInclude Include="zpOBJStaticMeshResource.h">
      <Filter>Header Files</Filter>
    </ClInclude>
    <ClInclude Include="zpCameraComponent.h">
      <Filter>Header Files</Filter>
    </ClInclude>
    <ClInclude Include="zpSamplerState.h">
      <Filter>Header Files</Filter>
    </ClInclude>
    <ClInclude Include="zpRasterState.h">
      <Filter>Header Files</Filter>
    </ClInclude>
    <ClInclude Include="zpStaticMeshRenderingComponent.h">
      <Filter>Header Files</Filter>
    </ClInclude>
    <ClInclude Include="zpRenderingComponent.h">
      <Filter>Header Files</Filter>
    </ClInclude>
    <ClInclude Include="zpLightComponent.h">
      <Filter>Header Files</Filter>
    </ClInclude>
    <ClInclude Include="zpFontResource.h">
      <Filter>Header Files</Filter>
    </ClInclude>
    <ClInclude Include="zpImmediateBuffer.h">
      <Filter>Header Files</Filter>
    </ClInclude>
    <ClInclude Include="zpTextRenderingComponent.h">
      <Filter>Header Files</Filter>
    </ClInclude>
    <ClInclude Include="zpBufferData.h">
      <Filter>Header Files</Filter>
    </ClInclude>
    <ClInclude Include="zpUIRenderingComponent.h">
      <Filter>Header Files</Filter>
    </ClInclude>
    <ClInclude Include="zpUIResource.h">
      <Filter>Header Files</Filter>
    </ClInclude>
    <ClInclude Include="zpAnimatedMeshResource.h">
      <Filter>Header Files</Filter>
    </ClInclude>
    <ClInclude Include="zpMaterialResource.h">
      <Filter>Header Files</Filter>
    </ClInclude>
    <ClInclude Include="zpDeferredRenderingComponent.h">
      <Filter>Header Files</Filter>
    </ClInclude>
    <ClInclude Include="zpUIManager.h">
      <Filter>Header Files</Filter>
    </ClInclude>
  </ItemGroup>
  <ItemGroup>
    <ClCompile Include="zpRendering.cpp">
      <Filter>Source Files</Filter>
    </ClCompile>
    <ClCompile Include="zpRenderingFactory.cpp">
      <Filter>Source Files</Filter>
    </ClCompile>
    <ClCompile Include="zpRenderingManager.cpp">
      <Filter>Source Files</Filter>
    </ClCompile>
    <ClCompile Include="zpRenderingResourceCreator.cpp">
      <Filter>Source Files</Filter>
    </ClCompile>
    <ClCompile Include="zpViewport.cpp">
      <Filter>Source Files</Filter>
    </ClCompile>
    <ClCompile Include="zpCamera.cpp">
      <Filter>Source Files</Filter>
    </ClCompile>
    <ClCompile Include="zpStaticMeshResource.cpp">
      <Filter>Source Files</Filter>
    </ClCompile>
    <ClCompile Include="zpOBJStaticMeshResource.cpp">
      <Filter>Source Files</Filter>
    </ClCompile>
    <ClCompile Include="zpCameraComponent.cpp">
      <Filter>Source Files</Filter>
    </ClCompile>
    <ClCompile Include="zpShaderResource.cpp">
      <Filter>Source Files</Filter>
    </ClCompile>
    <ClCompile Include="zpShaderInstance.cpp">
      <Filter>Source Files</Filter>
    </ClCompile>
    <ClCompile Include="zpStaticMeshRenderingComponent.cpp">
      <Filter>Source Files</Filter>
    </ClCompile>
    <ClCompile Include="zpStaticMeshInstance.cpp">
      <Filter>Source Files</Filter>
    </ClCompile>
    <ClCompile Include="zpTextureInstance.cpp">
      <Filter>Source Files</Filter>
    </ClCompile>
    <ClCompile Include="zpRenderingComponent.cpp">
      <Filter>Source Files</Filter>
    </ClCompile>
    <ClCompile Include="zpLightComponent.cpp">
      <Filter>Source Files</Filter>
    </ClCompile>
    <ClCompile Include="zpFontResource.cpp">
      <Filter>Source Files</Filter>
    </ClCompile>
    <ClCompile Include="zpTextRenderingComponent.cpp">
      <Filter>Source Files</Filter>
    </ClCompile>
    <ClCompile Include="zpUIRenderingComponent.cpp">
      <Filter>Source Files</Filter>
    </ClCompile>
    <ClCompile Include="zpMaterialResource.cpp">
      <Filter>Source Files</Filter>
    </ClCompile>
    <ClCompile Include="zpDeferredRenderingComponent.cpp">
      <Filter>Source Files</Filter>
    </ClCompile>
    <ClCompile Include="zpUIManager.cpp">
      <Filter>Source Files</Filter>
    </ClCompile>
  </ItemGroup>
  <ItemGroup>
    <None Include="zpImmediateBuffer.inl">
      <Filter>Source Files</Filter>
    </None>
  </ItemGroup>
</Project>