<?xml version="1.0" encoding="utf-8"?>
<Project ToolsVersion="4.0" xmlns="http://schemas.microsoft.com/developer/msbuild/2003">
  <ItemGroup>
    <Filter Include="Source Files">
      <UniqueIdentifier>{4FC737F1-C7A5-4376-A066-2A32D752A2FF}</UniqueIdentifier>
      <Extensions>cpp;c;cc;cxx;def;odl;idl;hpj;bat;asm;asmx</Extensions>
    </Filter>
    <Filter Include="Header Files">
      <UniqueIdentifier>{93995380-89BD-4b04-88EB-625FBE52EBFB}</UniqueIdentifier>
      <Extensions>h;hpp;hxx;hm;inl;inc;xsd</Extensions>
    </Filter>
    <Filter Include="Resource Files">
      <UniqueIdentifier>{67DA6AB6-F800-4c08-8B7A-83BB121AAD01}</UniqueIdentifier>
      <Extensions>rc;ico;cur;bmp;dlg;rc2;rct;bin;rgs;gif;jpg;jpeg;jpe;resx;tiff;tif;png;wav;mfcribbon-ms</Extensions>
    </Filter>
    <Filter Include="Source Files\Fpu">
      <UniqueIdentifier>{e1a5626a-0aa3-4ce8-9671-748b00c32051}</UniqueIdentifier>
    </Filter>
    <Filter Include="Source Files\Simd">
      <UniqueIdentifier>{049462b7-0c49-42ca-8e7a-f7c530bda7bf}</UniqueIdentifier>
    </Filter>
  </ItemGroup>
  <ItemGroup>
    <ClInclude Include="zpBaseTypes.h">
      <Filter>Header Files</Filter>
    </ClInclude>
    <ClInclude Include="zpCore.h">
      <Filter>Header Files</Filter>
    </ClInclude>
    <ClInclude Include="zpGameObject.h">
      <Filter>Header Files</Filter>
    </ClInclude>
    <ClInclude Include="zpGameObjectComponent.h">
      <Filter>Header Files</Filter>
    </ClInclude>
    <ClInclude Include="zpTime.h">
      <Filter>Header Files</Filter>
    </ClInclude>
    <ClInclude Include="zpConsole.h">
      <Filter>Header Files</Filter>
    </ClInclude>
    <ClInclude Include="zpFlag.h">
      <Filter>Header Files</Filter>
    </ClInclude>
    <ClInclude Include="zpString.h">
      <Filter>Header Files</Filter>
    </ClInclude>
    <ClInclude Include="zpIntrusiveList.h">
      <Filter>Header Files</Filter>
    </ClInclude>
    <ClInclude Include="zpMath.h">
      <Filter>Header Files</Filter>
    </ClInclude>
    <ClInclude Include="zpVector4.h">
      <Filter>Header Files</Filter>
    </ClInclude>
    <ClInclude Include="zpMatrix4.h">
      <Filter>Header Files</Filter>
    </ClInclude>
    <ClInclude Include="zpReal.h">
      <Filter>Header Files</Filter>
    </ClInclude>
    <ClInclude Include="zpInteger.h">
      <Filter>Header Files</Filter>
    </ClInclude>
    <ClInclude Include="zpMemorySystem.h">
      <Filter>Header Files</Filter>
    </ClInclude>
    <ClInclude Include="zpReferencedObject.h">
      <Filter>Header Files</Filter>
    </ClInclude>
    <ClInclude Include="zpReferencedPointer.h">
      <Filter>Header Files</Filter>
    </ClInclude>
    <ClInclude Include="zpWorld.h">
      <Filter>Header Files</Filter>
    </ClInclude>
    <ClInclude Include="zpGameManager.h">
      <Filter>Header Files</Filter>
    </ClInclude>
    <ClInclude Include="zpGame.h">
      <Filter>Header Files</Filter>
    </ClInclude>
    <ClInclude Include="zpArray.h">
      <Filter>Header Files</Filter>
    </ClInclude>
    <ClInclude Include="zpMessage.h">
      <Filter>Header Files</Filter>
    </ClInclude>
  </ItemGroup>
  <ItemGroup>
    <None Include="zpBaseTypesFpu.inl">
      <Filter>Source Files\Fpu</Filter>
    </None>
    <None Include="zpBaseTypesSimd.inl">
      <Filter>Source Files\Simd</Filter>
    </None>
    <None Include="zpRealSimd.inl">
      <Filter>Source Files\Simd</Filter>
    </None>
    <None Include="zpRealFpu.inl">
      <Filter>Source Files\Fpu</Filter>
    </None>
    <None Include="zpVector4Fpu.inl">
      <Filter>Source Files\Fpu</Filter>
    </None>
    <None Include="zpVector4Simd.inl">
      <Filter>Source Files\Simd</Filter>
    </None>
    <None Include="zpIntrusiveList.inl">
      <Filter>Source Files</Filter>
    </None>
    <None Include="zpIntegerFpu.inl">
      <Filter>Source Files\Fpu</Filter>
    </None>
    <None Include="zpIntegerSimd.inl">
      <Filter>Source Files\Simd</Filter>
    </None>
    <None Include="zpMatrix4Simd.inl">
      <Filter>Source Files\Simd</Filter>
    </None>
    <None Include="zpMatrix4Fpu.inl">
      <Filter>Source Files\Fpu</Filter>
    </None>
  </ItemGroup>
  <ItemGroup>
    <ClCompile Include="zpGameObject.cpp">
      <Filter>Source Files</Filter>
    </ClCompile>
    <ClCompile Include="test.cpp">
      <Filter>Source Files</Filter>
    </ClCompile>
    <ClCompile Include="zpCore.cpp">
      <Filter>Source Files</Filter>
    </ClCompile>
    <ClCompile Include="zpTime.cpp">
      <Filter>Source Files</Filter>
    </ClCompile>
    <ClCompile Include="zpMemorySystem.cpp">
      <Filter>Source Files</Filter>
    </ClCompile>
    <ClCompile Include="zpReferencedObject.cpp">
      <Filter>Source Files</Filter>
    </ClCompile>
    <ClCompile Include="zpGameObjectComponent.cpp">
      <Filter>Source Files</Filter>
    </ClCompile>
    <ClCompile Include="zpWorld.cpp">
      <Filter>Source Files</Filter>
    </ClCompile>
    <ClCompile Include="zpGameManager.cpp">
      <Filter>Source Files</Filter>
    </ClCompile>
    <ClCompile Include="zpGame.cpp">
      <Filter>Source Files</Filter>
    </ClCompile>
    <ClCompile Include="zpString.cpp">
      <Filter>Source Files</Filter>
    </ClCompile>
  </ItemGroup>
</Project>