<?xml version="1.0" encoding="utf-8"?>
<Project ToolsVersion="4.0" xmlns="http://schemas.microsoft.com/developer/msbuild/2003">
  <ItemGroup>
    <Filter Include="Source Files">
      <UniqueIdentifier>{4FC737F1-C7A5-4376-A066-2A32D752A2FF}</UniqueIdentifier>
      <Extensions>cpp;c;cc;cxx;def;odl;idl;hpj;bat;asm;asmx</Extensions>
    </Filter>
    <Filter Include="Header Files">
      <UniqueIdentifier>{93995380-89BD-4b04-88EB-625FBE52EBFB}</UniqueIdentifier>
      <Extensions>h;hpp;hxx;hm;inl;inc;xsd</Extensions>
    </Filter>
    <Filter Include="Resource Files">
      <UniqueIdentifier>{67DA6AB6-F800-4c08-8B7A-83BB121AAD01}</UniqueIdentifier>
      <Extensions>rc;ico;cur;bmp;dlg;rc2;rct;bin;rgs;gif;jpg;jpeg;jpe;resx;tiff;tif;png;wav;mfcribbon-ms</Extensions>
    </Filter>
    <Filter Include="Include">
      <UniqueIdentifier>{ae941dbc-456c-4b8f-9387-0cf3d9ae54ca}</UniqueIdentifier>
    </Filter>
    <Filter Include="Include\Sqrat">
      <UniqueIdentifier>{3b83a49d-b397-4ac4-be64-e0ef2f4172d4}</UniqueIdentifier>
    </Filter>
  </ItemGroup>
  <ItemGroup>
    <ClInclude Include="zpScripting.h">
      <Filter>Header Files</Filter>
    </ClInclude>
    <ClInclude Include="zpScriptingComponent.h">
      <Filter>Header Files</Filter>
    </ClInclude>
    <ClInclude Include="zpScriptingManager.h">
      <Filter>Header Files</Filter>
    </ClInclude>
    <ClInclude Include="include\sqrat.h">
      <Filter>Include</Filter>
    </ClInclude>
    <ClInclude Include="include\sqstdaux.h">
      <Filter>Include</Filter>
    </ClInclude>
    <ClInclude Include="include\sqstdblob.h">
      <Filter>Include</Filter>
    </ClInclude>
    <ClInclude Include="include\sqstdio.h">
      <Filter>Include</Filter>
    </ClInclude>
    <ClInclude Include="include\sqstdmath.h">
      <Filter>Include</Filter>
    </ClInclude>
    <ClInclude Include="include\sqstdstring.h">
      <Filter>Include</Filter>
    </ClInclude>
    <ClInclude Include="include\sqstdsystem.h">
      <Filter>Include</Filter>
    </ClInclude>
    <ClInclude Include="include\squirrel.h">
      <Filter>Include</Filter>
    </ClInclude>
    <ClInclude Include="include\sqrat\sqratAllocator.h">
      <Filter>Include\Sqrat</Filter>
    </ClInclude>
    <ClInclude Include="include\sqrat\sqratArray.h">
      <Filter>Include\Sqrat</Filter>
    </ClInclude>
    <ClInclude Include="include\sqrat\sqratClass.h">
      <Filter>Include\Sqrat</Filter>
    </ClInclude>
    <ClInclude Include="include\sqrat\sqratClassType.h">
      <Filter>Include\Sqrat</Filter>
    </ClInclude>
    <ClInclude Include="include\sqrat\sqratConst.h">
      <Filter>Include\Sqrat</Filter>
    </ClInclude>
    <ClInclude Include="include\sqrat\sqratFunction.h">
      <Filter>Include\Sqrat</Filter>
    </ClInclude>
    <ClInclude Include="include\sqrat\sqratGlobalMethods.h">
      <Filter>Include\Sqrat</Filter>
    </ClInclude>
    <ClInclude Include="include\sqrat\sqratMemberMethods.h">
      <Filter>Include\Sqrat</Filter>
    </ClInclude>
    <ClInclude Include="include\sqrat\sqratObject.h">
      <Filter>Include\Sqrat</Filter>
    </ClInclude>
    <ClInclude Include="include\sqrat\sqratOverloadMethods.h">
      <Filter>Include\Sqrat</Filter>
    </ClInclude>
    <ClInclude Include="include\sqrat\sqratScript.h">
      <Filter>Include\Sqrat</Filter>
    </ClInclude>
    <ClInclude Include="include\sqrat\sqratTable.h">
      <Filter>Include\Sqrat</Filter>
    </ClInclude>
    <ClInclude Include="include\sqrat\sqratTypes.h">
      <Filter>Include\Sqrat</Filter>
    </ClInclude>
    <ClInclude Include="include\sqrat\sqratUtil.h">
      <Filter>Include\Sqrat</Filter>
    </ClInclude>
    <ClInclude Include="include\sqrat\sqratVM.h">
      <Filter>Include\Sqrat</Filter>
    </ClInclude>
  </ItemGroup>
  <ItemGroup>
    <ClCompile Include="zpScripting.cpp">
      <Filter>Source Files</Filter>
    </ClCompile>
    <ClCompile Include="zpScriptingComponent.cpp">
      <Filter>Source Files</Filter>
    </ClCompile>
    <ClCompile Include="zpScriptingManager.cpp">
      <Filter>Source Files</Filter>
    </ClCompile>
  </ItemGroup>
</Project>