<?xml version="1.0" encoding="utf-8"?>
<Project ToolsVersion="4.0" xmlns="http://schemas.microsoft.com/developer/msbuild/2003">
  <ItemGroup>
    <Filter Include="Source Files">
      <UniqueIdentifier>{4FC737F1-C7A5-4376-A066-2A32D752A2FF}</UniqueIdentifier>
      <Extensions>cpp;c;cc;cxx;def;odl;idl;hpj;bat;asm;asmx</Extensions>
    </Filter>
    <Filter Include="Header Files">
      <UniqueIdentifier>{93995380-89BD-4b04-88EB-625FBE52EBFB}</UniqueIdentifier>
      <Extensions>h;hpp;hxx;hm;inl;inc;xsd</Extensions>
    </Filter>
    <Filter Include="Resource Files">
      <UniqueIdentifier>{67DA6AB6-F800-4c08-8B7A-83BB121AAD01}</UniqueIdentifier>
      <Extensions>rc;ico;cur;bmp;dlg;rc2;rct;bin;rgs;gif;jpg;jpeg;jpe;resx;tiff;tif;png;wav;mfcribbon-ms</Extensions>
    </Filter>
    <Filter Include="Header Files\Rendering">
      <UniqueIdentifier>{ed6c1df4-37f0-4cb3-a210-acfeab425211}</UniqueIdentifier>
    </Filter>
    <Filter Include="Header Files\Scripting">
      <UniqueIdentifier>{a52e9a54-9856-44e3-9c80-33b99746ff18}</UniqueIdentifier>
    </Filter>
    <Filter Include="Source Files\Scripting">
      <UniqueIdentifier>{7c586232-0583-4fab-a988-9265950ac6bf}</UniqueIdentifier>
    </Filter>
    <Filter Include="Header Files\Audio">
      <UniqueIdentifier>{cea7215f-0fa1-49cd-a2cd-136c9bd79c50}</UniqueIdentifier>
    </Filter>
    <Filter Include="Source Files\Audio">
      <UniqueIdentifier>{55c282c1-eb10-4a60-89b3-8b77177fe6fd}</UniqueIdentifier>
    </Filter>
    <Filter Include="Source Files\Rendering">
      <UniqueIdentifier>{1fc4937e-7d0f-442d-9c3a-c8558499c6da}</UniqueIdentifier>
    </Filter>
    <Filter Include="Header Files\Physics">
      <UniqueIdentifier>{ed9933e6-ad87-4c3d-b47e-8fea4e2da4af}</UniqueIdentifier>
    </Filter>
    <Filter Include="Source Files\Physics">
      <UniqueIdentifier>{a495d763-fa63-421a-8ec0-bc46ce0b78ca}</UniqueIdentifier>
    </Filter>
  </ItemGroup>
  <ItemGroup>
    <ClInclude Include="zpCommon.h">
      <Filter>Header Files</Filter>
    </ClInclude>
    <ClInclude Include="zpEditorCameraComponent.h">
      <Filter>Header Files</Filter>
    </ClInclude>
    <ClInclude Include="zpAllComponents.h">
      <Filter>Header Files</Filter>
    </ClInclude>
    <ClInclude Include="zpAllGameManagers.h">
      <Filter>Header Files</Filter>
    </ClInclude>
    <ClInclude Include="zpApplication.h">
      <Filter>Header Files</Filter>
    </ClInclude>
    <ClInclude Include="zpGame.h">
      <Filter>Header Files</Filter>
    </ClInclude>
    <ClInclude Include="zpWorld.h">
      <Filter>Header Files</Filter>
    </ClInclude>
    <ClInclude Include="zpComponent.h">
      <Filter>Header Files</Filter>
    </ClInclude>
    <ClInclude Include="zpObject.h">
      <Filter>Header Files</Filter>
    </ClInclude>
    <ClInclude Include="zpComponentManager.h">
      <Filter>Header Files</Filter>
    </ClInclude>
    <ClInclude Include="zpGameFlow.h">
      <Filter>Header Files</Filter>
    </ClInclude>
    <ClInclude Include="zpCameraComponent.h">
      <Filter>Header Files\Rendering</Filter>
    </ClInclude>
    <ClInclude Include="zpScriptComponent.h">
      <Filter>Header Files\Scripting</Filter>
    </ClInclude>
    <ClInclude Include="zpAudioEmitterComponent.h">
      <Filter>Header Files\Audio</Filter>
    </ClInclude>
    <ClInclude Include="zpMeshRendererComponent.h">
      <Filter>Header Files\Rendering</Filter>
    </ClInclude>
    <ClInclude Include="zpRigidBodyComponent.h">
      <Filter>Header Files\Physics</Filter>
    </ClInclude>
    <ClInclude Include="zpBreakableComponent.h">
      <Filter>Header Files</Filter>
    </ClInclude>
    <ClInclude Include="zpGUI.h">
      <Filter>Header Files</Filter>
    </ClInclude>
    <ClInclude Include="zpAttachmentComponent.h">
      <Filter>Header Files</Filter>
    </ClInclude>
    <ClInclude Include="zpEvent.h">
      <Filter>Header Files</Filter>
    </ClInclude>
  </ItemGroup>
  <ItemGroup>
    <ClCompile Include="zpCommon.cpp">
      <Filter>Source Files</Filter>
    </ClCompile>
    <ClCompile Include="zpEditorCameraComponent.cpp">
      <Filter>Source Files</Filter>
    </ClCompile>
    <ClCompile Include="zpAllComponents.cpp">
      <Filter>Source Files</Filter>
    </ClCompile>
    <ClCompile Include="zpAllGameManagers.cpp">
      <Filter>Source Files</Filter>
    </ClCompile>
    <ClCompile Include="zpComponent.cpp">
      <Filter>Source Files</Filter>
    </ClCompile>
    <ClCompile Include="zpGame.cpp">
      <Filter>Source Files</Filter>
    </ClCompile>
    <ClCompile Include="zpWorld.cpp">
      <Filter>Source Files</Filter>
    </ClCompile>
    <ClCompile Include="zpObject.cpp">
      <Filter>Source Files</Filter>
    </ClCompile>
    <ClCompile Include="zpApplication.cpp">
      <Filter>Source Files</Filter>
    </ClCompile>
    <ClCompile Include="zpScriptComponent.cpp">
      <Filter>Source Files\Scripting</Filter>
    </ClCompile>
    <ClCompile Include="zpAudioEmitterComponent.cpp">
      <Filter>Source Files\Audio</Filter>
    </ClCompile>
    <ClCompile Include="zpCameraComponent.cpp">
      <Filter>Source Files\Rendering</Filter>
    </ClCompile>
    <ClCompile Include="zpMeshRendererComponent.cpp">
      <Filter>Source Files\Rendering</Filter>
    </ClCompile>
    <ClCompile Include="zpRigidBodyComponent.cpp">
      <Filter>Source Files\Physics</Filter>
    </ClCompile>
    <ClCompile Include="zpBreakableComponent.cpp">
      <Filter>Source Files</Filter>
    </ClCompile>
    <ClCompile Include="zpGUI.cpp">
      <Filter>Source Files</Filter>
    </ClCompile>
    <ClCompile Include="zpAttachmentComponent.cpp">
      <Filter>Source Files</Filter>
    </ClCompile>
    <ClCompile Include="zpEvent.cpp">
      <Filter>Source Files</Filter>
    </ClCompile>
  </ItemGroup>
  <ItemGroup>
    <None Include="zpAllComponents.inl">
      <Filter>Header Files</Filter>
    </None>
    <None Include="zpAllGameManagers.inl">
      <Filter>Header Files</Filter>
    </None>
    <None Include="zpComponentManager.inl">
      <Filter>Source Files</Filter>
    </None>
  </ItemGroup>
</Project>