<?xml version="1.0" encoding="utf-8"?>
<Project ToolsVersion="4.0" xmlns="http://schemas.microsoft.com/developer/msbuild/2003">
  <ItemGroup>
    <Filter Include="Source Files">
      <UniqueIdentifier>{4FC737F1-C7A5-4376-A066-2A32D752A2FF}</UniqueIdentifier>
      <Extensions>cpp;c;cc;cxx;def;odl;idl;hpj;bat;asm;asmx</Extensions>
    </Filter>
    <Filter Include="Header Files">
      <UniqueIdentifier>{93995380-89BD-4b04-88EB-625FBE52EBFB}</UniqueIdentifier>
      <Extensions>h;hpp;hxx;hm;inl;inc;xsd</Extensions>
    </Filter>
    <Filter Include="Resource Files">
      <UniqueIdentifier>{67DA6AB6-F800-4c08-8B7A-83BB121AAD01}</UniqueIdentifier>
      <Extensions>rc;ico;cur;bmp;dlg;rc2;rct;bin;rgs;gif;jpg;jpeg;jpe;resx;tiff;tif;png;wav;mfcribbon-ms</Extensions>
    </Filter>
  </ItemGroup>
  <ItemGroup>
    <ClInclude Include="zpContent.h">
      <Filter>Header Files</Filter>
    </ClInclude>
    <ClInclude Include="zpContentManager.h">
      <Filter>Header Files</Filter>
    </ClInclude>
    <ClInclude Include="zpResource.h">
      <Filter>Header Files</Filter>
    </ClInclude>
    <ClInclude Include="zpResourceCreator.h">
      <Filter>Header Files</Filter>
    </ClInclude>
    <ClInclude Include="zpPrefabs.h">
      <Filter>Header Files</Filter>
    </ClInclude>
    <ClInclude Include="zpSerializedFactory.h">
      <Filter>Header Files</Filter>
    </ClInclude>
    <ClInclude Include="zpXmlParser.h">
      <Filter>Header Files</Filter>
    </ClInclude>
    <ClInclude Include="zpXmlSerializedInput.h">
      <Filter>Header Files</Filter>
    </ClInclude>
    <ClInclude Include="zpXmlSerializedOutput.h">
      <Filter>Header Files</Filter>
    </ClInclude>
    <ClInclude Include="zpLoadContentComponent.h">
      <Filter>Header Files</Filter>
    </ClInclude>
    <ClInclude Include="zpWorldResource.h">
      <Filter>Header Files</Filter>
    </ClInclude>
    <ClInclude Include="zpGameObjectResource.h">
      <Filter>Header Files</Filter>
    </ClInclude>
  </ItemGroup>
  <ItemGroup>
    <ClCompile Include="zpContent.cpp">
      <Filter>Source Files</Filter>
    </ClCompile>
    <ClCompile Include="zpResource.cpp">
      <Filter>Source Files</Filter>
    </ClCompile>
    <ClCompile Include="zpResourceCreator.cpp">
      <Filter>Source Files</Filter>
    </ClCompile>
    <ClCompile Include="zpContentManager.cpp">
      <Filter>Source Files</Filter>
    </ClCompile>
    <ClCompile Include="zpPrefabs.cpp">
      <Filter>Source Files</Filter>
    </ClCompile>
    <ClCompile Include="zpXmlParser.cpp">
      <Filter>Source Files</Filter>
    </ClCompile>
    <ClCompile Include="zpXmlSerializedInput.cpp">
      <Filter>Source Files</Filter>
    </ClCompile>
    <ClCompile Include="zpXmlSerializedOutput.cpp">
      <Filter>Source Files</Filter>
    </ClCompile>
    <ClCompile Include="zpLoadContentComponent.cpp">
      <Filter>Source Files</Filter>
    </ClCompile>
    <ClCompile Include="zpWorldResource.cpp">
      <Filter>Source Files</Filter>
    </ClCompile>
    <ClCompile Include="zpGameObjectResource.cpp">
      <Filter>Source Files</Filter>
    </ClCompile>
  </ItemGroup>
  <ItemGroup>
    <None Include="zpContentManagers.inl">
      <Filter>Source Files</Filter>
    </None>
  </ItemGroup>
</Project>